
Microsoft Visual Studio Solution File, Format Version 12.00
# Visual Studio Version 16
VisualStudioVersion = 16.0.30204.135
MinimumVisualStudioVersion = 10.0.40219.1
Project("{FAE04EC0-301F-11D3-BF4B-00C04F79EFBC}") = "StudentJournal", "StudentJournal.csproj", "{23761F51-C586-4CD6-BDB9-658F3A741148}"
EndProject
Global
	GlobalSection(SolutionConfigurationPlatforms) = preSolution
		Debug|Any CPU = Debug|Any CPU
		Release|Any CPU = Release|Any CPU
	EndGlobalSection
	GlobalSection(ProjectConfigurationPlatforms) = postSolution
		{23761F51-C586-4CD6-BDB9-658F3A741148}.Debug|Any CPU.ActiveCfg = Debug|Any CPU
		{23761F51-C586-4CD6-BDB9-658F3A741148}.Debug|Any CPU.Build.0 = Debug|Any CPU
		{23761F51-C586-4CD6-BDB9-658F3A741148}.Release|Any CPU.ActiveCfg = Release|Any CPU
		{23761F51-C586-4CD6-BDB9-658F3A741148}.Release|Any CPU.Build.0 = Release|Any CPU
	EndGlobalSection
	GlobalSection(SolutionProperties) = preSolution
		HideSolutionNode = FALSE
	EndGlobalSection
	GlobalSection(ExtensibilityGlobals) = postSolution
		SolutionGuid = {E960E9DE-2D28-426E-83A1-6BF55EA266B8}
	EndGlobalSection
EndGlobal
